
Microsoft Visual Studio Solution File, Format Version 12.00
# Visual Studio Version 17
VisualStudioVersion = 17.3.32825.248
MinimumVisualStudioVersion = 10.0.40219.1
Project("{FAE04EC0-301F-11D3-BF4B-00C04F79EFBC}") = "azuure", "azuure\azuure.csproj", "{6FA5D8EF-8474-46E1-A2D8-42E752E8AEA6}"
EndProject
Global
	GlobalSection(SolutionConfigurationPlatforms) = preSolution
		Debug|Any CPU = Debug|Any CPU
		Release|Any CPU = Release|Any CPU
	EndGlobalSection
	GlobalSection(ProjectConfigurationPlatforms) = postSolution
		{6FA5D8EF-8474-46E1-A2D8-42E752E8AEA6}.Debug|Any CPU.ActiveCfg = Debug|Any CPU
		{6FA5D8EF-8474-46E1-A2D8-42E752E8AEA6}.Debug|Any CPU.Build.0 = Debug|Any CPU
		{6FA5D8EF-8474-46E1-A2D8-42E752E8AEA6}.Release|Any CPU.ActiveCfg = Release|Any CPU
		{6FA5D8EF-8474-46E1-A2D8-42E752E8AEA6}.Release|Any CPU.Build.0 = Release|Any CPU
	EndGlobalSection
	GlobalSection(SolutionProperties) = preSolution
		HideSolutionNode = FALSE
	EndGlobalSection
	GlobalSection(ExtensibilityGlobals) = postSolution
		SolutionGuid = {98A19FCB-2130-4D6D-A7D6-9EDAFDEE5060}
	EndGlobalSection
EndGlobal
